
Microsoft Visual Studio Solution File, Format Version 12.00
# Visual Studio Version 16
VisualStudioVersion = 16.0.31313.79
MinimumVisualStudioVersion = 10.0.40219.1
Project("{FAE04EC0-301F-11D3-BF4B-00C04F79EFBC}") = "DevFramework.Core", "DevFramework.Core\DevFramework.Core.csproj", "{0D6CFA73-DD38-40FA-B652-56644F34ACDB}"
EndProject
Global
	GlobalSection(SolutionConfigurationPlatforms) = preSolution
		Debug|Any CPU = Debug|Any CPU
		Release|Any CPU = Release|Any CPU
	EndGlobalSection
	GlobalSection(ProjectConfigurationPlatforms) = postSolution
		{0D6CFA73-DD38-40FA-B652-56644F34ACDB}.Debug|Any CPU.ActiveCfg = Debug|Any CPU
		{0D6CFA73-DD38-40FA-B652-56644F34ACDB}.Debug|Any CPU.Build.0 = Debug|Any CPU
		{0D6CFA73-DD38-40FA-B652-56644F34ACDB}.Release|Any CPU.ActiveCfg = Release|Any CPU
		{0D6CFA73-DD38-40FA-B652-56644F34ACDB}.Release|Any CPU.Build.0 = Release|Any CPU
	EndGlobalSection
	GlobalSection(SolutionProperties) = preSolution
		HideSolutionNode = FALSE
	EndGlobalSection
	GlobalSection(ExtensibilityGlobals) = postSolution
		SolutionGuid = {149947B2-3DE8-4230-864E-4B7656D175C4}
	EndGlobalSection
EndGlobal
